
Microsoft Visual Studio Solution File, Format Version 12.00
# Visual Studio Version 17
VisualStudioVersion = 17.5.33424.131
MinimumVisualStudioVersion = 10.0.40219.1
Project("{FAE04EC0-301F-11D3-BF4B-00C04F79EFBC}") = "InventoryManagment", "InventoryManagment\InventoryManagment.csproj", "{09857A93-DC60-4153-ADC9-B4C53C03B4C7}"
EndProject
Global
	GlobalSection(SolutionConfigurationPlatforms) = preSolution
		Debug|Any CPU = Debug|Any CPU
		Release|Any CPU = Release|Any CPU
	EndGlobalSection
	GlobalSection(ProjectConfigurationPlatforms) = postSolution
		{09857A93-DC60-4153-ADC9-B4C53C03B4C7}.Debug|Any CPU.ActiveCfg = Debug|Any CPU
		{09857A93-DC60-4153-ADC9-B4C53C03B4C7}.Debug|Any CPU.Build.0 = Debug|Any CPU
		{09857A93-DC60-4153-ADC9-B4C53C03B4C7}.Release|Any CPU.ActiveCfg = Release|Any CPU
		{09857A93-DC60-4153-ADC9-B4C53C03B4C7}.Release|Any CPU.Build.0 = Release|Any CPU
	EndGlobalSection
	GlobalSection(SolutionProperties) = preSolution
		HideSolutionNode = FALSE
	EndGlobalSection
	GlobalSection(ExtensibilityGlobals) = postSolution
		SolutionGuid = {C09AC4C4-C0D6-4784-AC7E-0B9817C797A8}
	EndGlobalSection
EndGlobal
